
Microsoft Visual Studio Solution File, Format Version 12.00
# Visual Studio Version 17
VisualStudioVersion = 17.1.32414.318
MinimumVisualStudioVersion = 10.0.40219.1
Project("{9A19103F-16F7-4668-BE54-9A1E7A4F7556}") = "He thong ban thuc an nhanh", "He thong ban thuc an nhanh\He thong ban thuc an nhanh.csproj", "{8469A95C-5D6F-4783-91E9-32E5C9CBA3C1}"
EndProject
Project("{54435603-DBB4-11D2-8724-00A0C9A8B90C}") = "QLCHSetup", "QLCHSetup\QLCHSetup.vdproj", "{C18BB243-899A-4107-B9A6-1C7385C8D715}"
EndProject
Global
	GlobalSection(SolutionConfigurationPlatforms) = preSolution
		Debug|Any CPU = Debug|Any CPU
		Release|Any CPU = Release|Any CPU
	EndGlobalSection
	GlobalSection(ProjectConfigurationPlatforms) = postSolution
		{8469A95C-5D6F-4783-91E9-32E5C9CBA3C1}.Debug|Any CPU.ActiveCfg = Debug|Any CPU
		{8469A95C-5D6F-4783-91E9-32E5C9CBA3C1}.Debug|Any CPU.Build.0 = Debug|Any CPU
		{8469A95C-5D6F-4783-91E9-32E5C9CBA3C1}.Release|Any CPU.ActiveCfg = Release|Any CPU
		{8469A95C-5D6F-4783-91E9-32E5C9CBA3C1}.Release|Any CPU.Build.0 = Release|Any CPU
		{C18BB243-899A-4107-B9A6-1C7385C8D715}.Debug|Any CPU.ActiveCfg = Debug
		{C18BB243-899A-4107-B9A6-1C7385C8D715}.Release|Any CPU.ActiveCfg = Release
	EndGlobalSection
	GlobalSection(SolutionProperties) = preSolution
		HideSolutionNode = FALSE
	EndGlobalSection
	GlobalSection(ExtensibilityGlobals) = postSolution
		SolutionGuid = {6C8C6596-B75C-4D72-BA3A-ECE621A4B3F1}
	EndGlobalSection
EndGlobal
